
Microsoft Visual Studio Solution File, Format Version 12.00
# Visual Studio 14
VisualStudioVersion = 14.0.25420.1
MinimumVisualStudioVersion = 10.0.40219.1
Project("{FAE04EC0-301F-11D3-BF4B-00C04F79EFBC}") = "ChemBalancer", "ChemBalancer\ChemBalancer.csproj", "{5D9DE2DC-8696-414A-8E87-DDA68ED04A63}"
EndProject
Project("{FAE04EC0-301F-11D3-BF4B-00C04F79EFBC}") = "ChemAtoms", "ChemAtoms\ChemAtoms.csproj", "{91BBF254-0E7A-4DBE-9222-08AA79E639AF}"
EndProject
Project("{FAE04EC0-301F-11D3-BF4B-00C04F79EFBC}") = "ChemWrapper", "ChemWrapper\ChemWrapper.csproj", "{276FD5AB-1EE5-48E8-8F13-5E0C7895B3CB}"
EndProject
Project("{FAE04EC0-301F-11D3-BF4B-00C04F79EFBC}") = "ChemConsole", "ChemConsole\ChemConsole.csproj", "{482C78A8-846E-4F21-8F67-5BFDE42DC415}"
EndProject
Global
	GlobalSection(SolutionConfigurationPlatforms) = preSolution
		Debug|Any CPU = Debug|Any CPU
		Release|Any CPU = Release|Any CPU
	EndGlobalSection
	GlobalSection(ProjectConfigurationPlatforms) = postSolution
		{5D9DE2DC-8696-414A-8E87-DDA68ED04A63}.Debug|Any CPU.ActiveCfg = Debug|Any CPU
		{5D9DE2DC-8696-414A-8E87-DDA68ED04A63}.Debug|Any CPU.Build.0 = Debug|Any CPU
		{5D9DE2DC-8696-414A-8E87-DDA68ED04A63}.Release|Any CPU.ActiveCfg = Release|Any CPU
		{5D9DE2DC-8696-414A-8E87-DDA68ED04A63}.Release|Any CPU.Build.0 = Release|Any CPU
		{91BBF254-0E7A-4DBE-9222-08AA79E639AF}.Debug|Any CPU.ActiveCfg = Debug|Any CPU
		{91BBF254-0E7A-4DBE-9222-08AA79E639AF}.Debug|Any CPU.Build.0 = Debug|Any CPU
		{91BBF254-0E7A-4DBE-9222-08AA79E639AF}.Release|Any CPU.ActiveCfg = Release|Any CPU
		{91BBF254-0E7A-4DBE-9222-08AA79E639AF}.Release|Any CPU.Build.0 = Release|Any CPU
		{276FD5AB-1EE5-48E8-8F13-5E0C7895B3CB}.Debug|Any CPU.ActiveCfg = Debug|Any CPU
		{276FD5AB-1EE5-48E8-8F13-5E0C7895B3CB}.Debug|Any CPU.Build.0 = Debug|Any CPU
		{276FD5AB-1EE5-48E8-8F13-5E0C7895B3CB}.Release|Any CPU.ActiveCfg = Release|Any CPU
		{276FD5AB-1EE5-48E8-8F13-5E0C7895B3CB}.Release|Any CPU.Build.0 = Release|Any CPU
		{482C78A8-846E-4F21-8F67-5BFDE42DC415}.Debug|Any CPU.ActiveCfg = Debug|Any CPU
		{482C78A8-846E-4F21-8F67-5BFDE42DC415}.Debug|Any CPU.Build.0 = Debug|Any CPU
		{482C78A8-846E-4F21-8F67-5BFDE42DC415}.Release|Any CPU.ActiveCfg = Release|Any CPU
		{482C78A8-846E-4F21-8F67-5BFDE42DC415}.Release|Any CPU.Build.0 = Release|Any CPU
	EndGlobalSection
	GlobalSection(SolutionProperties) = preSolution
		HideSolutionNode = FALSE
	EndGlobalSection
EndGlobal
